
Microsoft Visual Studio Solution File, Format Version 12.00
# Visual Studio Version 17
VisualStudioVersion = 17.0.31903.59
MinimumVisualStudioVersion = 10.0.40219.1
Project("{9A19103F-16F7-4668-BE54-9A1E7A4F7556}") = "GrpcServiceK8s", "GrpcServiceK8s\GrpcServiceK8s.csproj", "{8B9CAB90-B2E2-4363-B56A-9B4D81488018}"
EndProject
Project("{FAE04EC0-301F-11D3-BF4B-00C04F79EFBC}") = "GrpcClientK8s", "gRPCClientK8s\GrpcClientK8s.csproj", "{B2EEE37F-6C05-4EB0-9CBB-E40D00F52073}"
EndProject
Global
	GlobalSection(SolutionConfigurationPlatforms) = preSolution
		Debug|Any CPU = Debug|Any CPU
		Release|Any CPU = Release|Any CPU
	EndGlobalSection
	GlobalSection(ProjectConfigurationPlatforms) = postSolution
		{8B9CAB90-B2E2-4363-B56A-9B4D81488018}.Debug|Any CPU.ActiveCfg = Debug|Any CPU
		{8B9CAB90-B2E2-4363-B56A-9B4D81488018}.Debug|Any CPU.Build.0 = Debug|Any CPU
		{8B9CAB90-B2E2-4363-B56A-9B4D81488018}.Release|Any CPU.ActiveCfg = Release|Any CPU
		{8B9CAB90-B2E2-4363-B56A-9B4D81488018}.Release|Any CPU.Build.0 = Release|Any CPU
		{B2EEE37F-6C05-4EB0-9CBB-E40D00F52073}.Debug|Any CPU.ActiveCfg = Debug|Any CPU
		{B2EEE37F-6C05-4EB0-9CBB-E40D00F52073}.Debug|Any CPU.Build.0 = Debug|Any CPU
		{B2EEE37F-6C05-4EB0-9CBB-E40D00F52073}.Release|Any CPU.ActiveCfg = Release|Any CPU
		{B2EEE37F-6C05-4EB0-9CBB-E40D00F52073}.Release|Any CPU.Build.0 = Release|Any CPU
	EndGlobalSection
	GlobalSection(SolutionProperties) = preSolution
		HideSolutionNode = FALSE
	EndGlobalSection
	GlobalSection(ExtensibilityGlobals) = postSolution
		SolutionGuid = {750DC88F-8251-40AA-A8CC-F50BDB3196C6}
	EndGlobalSection
EndGlobal
